PODS:
  - Alamofire (5.2.2)
  - HTTPTransport (5.0):
    - Alamofire (~> 5.2)

DEPENDENCIES:
  - HTTPTransport (from `../..`)

SPEC REPOS:
  https://github.com/CocoaPods/Specs:
    - Alamofire

EXTERNAL SOURCES:
  HTTPTransport:
    :path: "../.."

SPEC CHECKSUMS:
  Alamofire: 814429acc853c6c54ff123fc3d2ef66803823ce0
  HTTPTransport: 13bc3cd449619749af833e5459bec59adf8eecaa

PODFILE CHECKSUM: c6dd6f01f0699e11c2a3a9e810933f345a2ac718

COCOAPODS: 1.9.3
