PODS:
  - Alamofire (4.8.2)
  - HTTPTransport (4.0.0):
    - Alamofire (~> 4.6)

DEPENDENCIES:
  - "HTTPTransport (from `git@github.com:RedMadRobot/http-transport.git`, branch `master`)"

SPEC REPOS:
  https://github.com/cocoapods/specs.git:
    - Alamofire

EXTERNAL SOURCES:
  HTTPTransport:
    :branch: master
    :git: "git@github.com:RedMadRobot/http-transport.git"

CHECKOUT OPTIONS:
  HTTPTransport:
    :commit: 5d571642f6e039bf6a70531cfc59f156717050e6
    :git: "git@github.com:RedMadRobot/http-transport.git"

SPEC CHECKSUMS:
  Alamofire: ae5c501addb7afdbb13687d7f2f722c78734c2d3
  HTTPTransport: c969418a4248dedbff33345dbaedc027938a938c

PODFILE CHECKSUM: 3967b908c637e589960736008b01c1cb140c092d

COCOAPODS: 1.6.1
