// !$*UTF8*$!
{
	archiveVersion = 1;
	classes = {
	};
	objectVersion = 46;
	objects = {

/* Begin PBXBuildFile section */
		510768161EA4F26C0061FC4F /* HTTPCookie.swift in Sources */ = {isa = PBXBuildFile; fileRef = 510768151EA4F26C0061FC4F /* HTTPCookie.swift */; };
		512CF30B1FE812C8003F61AD /* Data+Extension.swift in Sources */ = {isa = PBXBuildFile; fileRef = 512CF30A1FE812C8003F61AD /* Data+Extension.swift */; };
		512CF30D1FE812EA003F61AD /* Digest.swift in Sources */ = {isa = PBXBuildFile; fileRef = 512CF30C1FE812EA003F61AD /* Digest.swift */; };
		512CF3111FE812FC003F61AD /* SHA1.swift in Sources */ = {isa = PBXBuildFile; fileRef = 512CF30E1FE812FC003F61AD /* SHA1.swift */; };
		512CF3121FE812FC003F61AD /* SHA2.swift in Sources */ = {isa = PBXBuildFile; fileRef = 512CF30F1FE812FC003F61AD /* SHA2.swift */; };
		512CF3131FE812FC003F61AD /* SHA3.swift in Sources */ = {isa = PBXBuildFile; fileRef = 512CF3101FE812FC003F61AD /* SHA3.swift */; };
		512CF3151FE8130D003F61AD /* Checksum.swift in Sources */ = {isa = PBXBuildFile; fileRef = 512CF3141FE8130D003F61AD /* Checksum.swift */; };
		512CF3171FE8131E003F61AD /* MD5.swift in Sources */ = {isa = PBXBuildFile; fileRef = 512CF3161FE8131E003F61AD /* MD5.swift */; };
		512CF3191FE8134F003F61AD /* Array+Extension.swift in Sources */ = {isa = PBXBuildFile; fileRef = 512CF3181FE8134F003F61AD /* Array+Extension.swift */; };
		512CF31B1FE8135B003F61AD /* DigestType.swift in Sources */ = {isa = PBXBuildFile; fileRef = 512CF31A1FE8135B003F61AD /* DigestType.swift */; };
		512CF31D1FE81399003F61AD /* UInt32+Extension.swift in Sources */ = {isa = PBXBuildFile; fileRef = 512CF31C1FE81399003F61AD /* UInt32+Extension.swift */; };
		512CF31F1FE813C2003F61AD /* Utils.swift in Sources */ = {isa = PBXBuildFile; fileRef = 512CF31E1FE813C2003F61AD /* Utils.swift */; };
		512CF3211FE813D1003F61AD /* Updatable.swift in Sources */ = {isa = PBXBuildFile; fileRef = 512CF3201FE813D1003F61AD /* Updatable.swift */; };
		512CF3231FE81422003F61AD /* Int+Extension.swift in Sources */ = {isa = PBXBuildFile; fileRef = 512CF3221FE81422003F61AD /* Int+Extension.swift */; };
		512CF3271FE8147A003F61AD /* BatchedCollection.swift in Sources */ = {isa = PBXBuildFile; fileRef = 512CF3261FE8147A003F61AD /* BatchedCollection.swift */; };
		512CF3291FE81774003F61AD /* Cipher.swift in Sources */ = {isa = PBXBuildFile; fileRef = 512CF3281FE81774003F61AD /* Cipher.swift */; };
		512CF32B1FE81784003F61AD /* Authenticator.swift in Sources */ = {isa = PBXBuildFile; fileRef = 512CF32A1FE81784003F61AD /* Authenticator.swift */; };
		512CF32D1FE817A3003F61AD /* Array+Extensions.swift in Sources */ = {isa = PBXBuildFile; fileRef = 512CF32C1FE817A3003F61AD /* Array+Extensions.swift */; };
		512CF32F1FE817B8003F61AD /* Bit.swift in Sources */ = {isa = PBXBuildFile; fileRef = 512CF32E1FE817B8003F61AD /* Bit.swift */; };
		512CF3311FE817D3003F61AD /* Generics.swift in Sources */ = {isa = PBXBuildFile; fileRef = 512CF3301FE817D3003F61AD /* Generics.swift */; };
		512CF3331FE81808003F61AD /* Collection+Extension.swift in Sources */ = {isa = PBXBuildFile; fileRef = 512CF3321FE81808003F61AD /* Collection+Extension.swift */; };
		512CF3351FE81822003F61AD /* UInt64+Extension.swift in Sources */ = {isa = PBXBuildFile; fileRef = 512CF3341FE81822003F61AD /* UInt64+Extension.swift */; };
		51593E551EA1029700E9A154 /* HTTPTransportTests.swift in Sources */ = {isa = PBXBuildFile; fileRef = 51593E521EA1029700E9A154 /* HTTPTransportTests.swift */; };
		51593E5A1EA1036A00E9A154 /* HTTPTransport.h in Headers */ = {isa = PBXBuildFile; fileRef = 51593E591EA1036A00E9A154 /* HTTPTransport.h */; settings = {ATTRIBUTES = (Public, ); }; };
		51EDF4F81EA105C60013FBEF /* HTTPTransport.swift in Sources */ = {isa = PBXBuildFile; fileRef = 51EDF4F71EA105C60013FBEF /* HTTPTransport.swift */; };
		51EDF4FB1EA106340013FBEF /* Session.swift in Sources */ = {isa = PBXBuildFile; fileRef = 51EDF4FA1EA106340013FBEF /* Session.swift */; };
		51EDF5051EA10A5E0013FBEF /* HTTPRequestInterceptor.swift in Sources */ = {isa = PBXBuildFile; fileRef = 51EDF4FF1EA10A5E0013FBEF /* HTTPRequestInterceptor.swift */; };
		51EDF5061EA10A5E0013FBEF /* LogRequestInterceptor.swift in Sources */ = {isa = PBXBuildFile; fileRef = 51EDF5001EA10A5E0013FBEF /* LogRequestInterceptor.swift */; };
		51EDF5081EA10A5E0013FBEF /* HTTPResponseInterceptor.swift in Sources */ = {isa = PBXBuildFile; fileRef = 51EDF5031EA10A5E0013FBEF /* HTTPResponseInterceptor.swift */; };
		51EDF5091EA10A5E0013FBEF /* LogResponseInterceptor.swift in Sources */ = {isa = PBXBuildFile; fileRef = 51EDF5041EA10A5E0013FBEF /* LogResponseInterceptor.swift */; };
		51EDF50B1EA10C960013FBEF /* HTTPStatusCode.swift in Sources */ = {isa = PBXBuildFile; fileRef = 51EDF50A1EA10C960013FBEF /* HTTPStatusCode.swift */; };
		51EDF5101EA10CDC0013FBEF /* Security.swift in Sources */ = {isa = PBXBuildFile; fileRef = 51EDF50D1EA10CDC0013FBEF /* Security.swift */; };
		51EDF5111EA10CDC0013FBEF /* TrustPolicy.swift in Sources */ = {isa = PBXBuildFile; fileRef = 51EDF50E1EA10CDC0013FBEF /* TrustPolicy.swift */; };
		51EDF5121EA10CDC0013FBEF /* TrustPolicyManager.swift in Sources */ = {isa = PBXBuildFile; fileRef = 51EDF50F1EA10CDC0013FBEF /* TrustPolicyManager.swift */; };
		51EDF5141EA111E10013FBEF /* HTTPTransportRetrier.swift in Sources */ = {isa = PBXBuildFile; fileRef = 51EDF5131EA111E10013FBEF /* HTTPTransportRetrier.swift */; };
		51EDF5181EA112770013FBEF /* FileUploadHTTPRequest.swift in Sources */ = {isa = PBXBuildFile; fileRef = 51EDF5151EA112770013FBEF /* FileUploadHTTPRequest.swift */; };
		51EDF5191EA112770013FBEF /* HTTPRequest.swift in Sources */ = {isa = PBXBuildFile; fileRef = 51EDF5161EA112770013FBEF /* HTTPRequest.swift */; };
		51EDF51A1EA112770013FBEF /* HTTPResponse.swift in Sources */ = {isa = PBXBuildFile; fileRef = 51EDF5171EA112770013FBEF /* HTTPResponse.swift */; };
		51EDF51C1EA1170D0013FBEF /* NSError.swift in Sources */ = {isa = PBXBuildFile; fileRef = 51EDF51B1EA1170D0013FBEF /* NSError.swift */; };
		51EDF51E1EA117660013FBEF /* FileMultipart.swift in Sources */ = {isa = PBXBuildFile; fileRef = 51EDF51D1EA117660013FBEF /* FileMultipart.swift */; };
		51EDF5201EA11B010013FBEF /* DataRequest.swift in Sources */ = {isa = PBXBuildFile; fileRef = 51EDF51F1EA11B010013FBEF /* DataRequest.swift */; };
		AA19EE981F67E5830066B2A4 /* DataUploadHTTPRequest.swift in Sources */ = {isa = PBXBuildFile; fileRef = AA19EE971F67E5830066B2A4 /* DataUploadHTTPRequest.swift */; };
		BAA520B178D7C85EF42A7794 /* HTTPRequestParameters.swift in Sources */ = {isa = PBXBuildFile; fileRef = BAA52F945A55184D494340C8 /* HTTPRequestParameters.swift */; };
		BAA520C82F17B81359E5F127 /* ReceivedCookieInterceptor.swift in Sources */ = {isa = PBXBuildFile; fileRef = BAA52AA42BC3A92B8CC510E8 /* ReceivedCookieInterceptor.swift */; };
		BAA525F363594620CA30CB81 /* AddCookieInterceptor.swift in Sources */ = {isa = PBXBuildFile; fileRef = BAA52832426ECD13334ACAC1 /* AddCookieInterceptor.swift */; };
		BAA5278B2040ABC2090AEFD5 /* ClarifyErrorInterceptor.swift in Sources */ = {isa = PBXBuildFile; fileRef = BAA52316B9ABF0502EA8D5E3 /* ClarifyErrorInterceptor.swift */; };
		BAA52BAC269BCDA57AEBB42F /* HTTPCall.swift in Sources */ = {isa = PBXBuildFile; fileRef = BAA524015BBBE04A8DDC1A94 /* HTTPCall.swift */; };
		BAA52E5C95966700FD3FD3C4 /* MIMEType.swift in Sources */ = {isa = PBXBuildFile; fileRef = BAA52583CC7418F6EDF69AE5 /* MIMEType.swift */; };
		DF505D0B20234C5900160369 /* Alamofire.framework in Frameworks */ = {isa = PBXBuildFile; fileRef = DF505D0A20234C5900160369 /* Alamofire.framework */; };
/* End PBXBuildFile section */

/* Begin PBXContainerItemProxy section */
		51593E3C1EA1023400E9A154 /* PBXContainerItemProxy */ = {
			isa = PBXContainerItemProxy;
			containerPortal = 51593E281EA1023400E9A154 /* Project object */;
			proxyType = 1;
			remoteGlobalIDString = 51593E301EA1023400E9A154;
			remoteInfo = HTTPTransport;
		};
/* End PBXContainerItemProxy section */

/* Begin PBXFileReference section */
		510768131EA4E9480061FC4F /* HTTPTransport.podspec */ = {isa = PBXFileReference; fileEncoding = 4; lastKnownFileType = text; name = HTTPTransport.podspec; path = ../../../../HTTPTransport.podspec; sourceTree = "<group>"; xcLanguageSpecificationIdentifier = xcode.lang.ruby; };
		510768151EA4F26C0061FC4F /* HTTPCookie.swift */ = {isa = PBXFileReference; fileEncoding = 4; lastKnownFileType = sourcecode.swift; path = HTTPCookie.swift; sourceTree = "<group>"; };
		512CF30A1FE812C8003F61AD /* Data+Extension.swift */ = {isa = PBXFileReference; fileEncoding = 4; lastKnownFileType = sourcecode.swift; path = "Data+Extension.swift"; sourceTree = "<group>"; };
		512CF30C1FE812EA003F61AD /* Digest.swift */ = {isa = PBXFileReference; fileEncoding = 4; lastKnownFileType = sourcecode.swift; path = Digest.swift; sourceTree = "<group>"; };
		512CF30E1FE812FC003F61AD /* SHA1.swift */ = {isa = PBXFileReference; fileEncoding = 4; lastKnownFileType = sourcecode.swift; path = SHA1.swift; sourceTree = "<group>"; };
		512CF30F1FE812FC003F61AD /* SHA2.swift */ = {isa = PBXFileReference; fileEncoding = 4; lastKnownFileType = sourcecode.swift; path = SHA2.swift; sourceTree = "<group>"; };
		512CF3101FE812FC003F61AD /* SHA3.swift */ = {isa = PBXFileReference; fileEncoding = 4; lastKnownFileType = sourcecode.swift; path = SHA3.swift; sourceTree = "<group>"; };
		512CF3141FE8130D003F61AD /* Checksum.swift */ = {isa = PBXFileReference; fileEncoding = 4; lastKnownFileType = sourcecode.swift; path = Checksum.swift; sourceTree = "<group>"; };
		512CF3161FE8131E003F61AD /* MD5.swift */ = {isa = PBXFileReference; fileEncoding = 4; lastKnownFileType = sourcecode.swift; path = MD5.swift; sourceTree = "<group>"; };
		512CF3181FE8134F003F61AD /* Array+Extension.swift */ = {isa = PBXFileReference; fileEncoding = 4; lastKnownFileType = sourcecode.swift; path = "Array+Extension.swift"; sourceTree = "<group>"; };
		512CF31A1FE8135B003F61AD /* DigestType.swift */ = {isa = PBXFileReference; fileEncoding = 4; lastKnownFileType = sourcecode.swift; path = DigestType.swift; sourceTree = "<group>"; };
		512CF31C1FE81399003F61AD /* UInt32+Extension.swift */ = {isa = PBXFileReference; fileEncoding = 4; lastKnownFileType = sourcecode.swift; path = "UInt32+Extension.swift"; sourceTree = "<group>"; };
		512CF31E1FE813C2003F61AD /* Utils.swift */ = {isa = PBXFileReference; fileEncoding = 4; lastKnownFileType = sourcecode.swift; path = Utils.swift; sourceTree = "<group>"; };
		512CF3201FE813D1003F61AD /* Updatable.swift */ = {isa = PBXFileReference; fileEncoding = 4; lastKnownFileType = sourcecode.swift; path = Updatable.swift; sourceTree = "<group>"; };
		512CF3221FE81422003F61AD /* Int+Extension.swift */ = {isa = PBXFileReference; fileEncoding = 4; lastKnownFileType = sourcecode.swift; path = "Int+Extension.swift"; sourceTree = "<group>"; };
		512CF3261FE8147A003F61AD /* BatchedCollection.swift */ = {isa = PBXFileReference; fileEncoding = 4; lastKnownFileType = sourcecode.swift; path = BatchedCollection.swift; sourceTree = "<group>"; };
		512CF3281FE81774003F61AD /* Cipher.swift */ = {isa = PBXFileReference; fileEncoding = 4; lastKnownFileType = sourcecode.swift; path = Cipher.swift; sourceTree = "<group>"; };
		512CF32A1FE81784003F61AD /* Authenticator.swift */ = {isa = PBXFileReference; fileEncoding = 4; lastKnownFileType = sourcecode.swift; path = Authenticator.swift; sourceTree = "<group>"; };
		512CF32C1FE817A3003F61AD /* Array+Extensions.swift */ = {isa = PBXFileReference; fileEncoding = 4; lastKnownFileType = sourcecode.swift; path = "Array+Extensions.swift"; sourceTree = "<group>"; };
		512CF32E1FE817B8003F61AD /* Bit.swift */ = {isa = PBXFileReference; fileEncoding = 4; lastKnownFileType = sourcecode.swift; path = Bit.swift; sourceTree = "<group>"; };
		512CF3301FE817D3003F61AD /* Generics.swift */ = {isa = PBXFileReference; fileEncoding = 4; lastKnownFileType = sourcecode.swift; path = Generics.swift; sourceTree = "<group>"; };
		512CF3321FE81808003F61AD /* Collection+Extension.swift */ = {isa = PBXFileReference; fileEncoding = 4; lastKnownFileType = sourcecode.swift; path = "Collection+Extension.swift"; sourceTree = "<group>"; };
		512CF3341FE81822003F61AD /* UInt64+Extension.swift */ = {isa = PBXFileReference; fileEncoding = 4; lastKnownFileType = sourcecode.swift; path = "UInt64+Extension.swift"; sourceTree = "<group>"; };
		51593E3A1EA1023400E9A154 /* HTTPTransportTests.xctest */ = {isa = PBXFileReference; explicitFileType = wrapper.cfbundle; includeInIndex = 0; name = HTTPTransportTests.xctest; path = "/Users/zhorkov023/Projects/HttpTransport/Source/HTTPTransport/build/Debug-iphoneos/HTTPTransportTests.xctest"; sourceTree = "<absolute>"; };
		51593E4E1EA1028D00E9A154 /* Info.plist */ = {isa = PBXFileReference; fileEncoding = 4; lastKnownFileType = text.plist.xml; path = Info.plist; sourceTree = "<group>"; };
		51593E521EA1029700E9A154 /* HTTPTransportTests.swift */ = {isa = PBXFileReference; fileEncoding = 4; lastKnownFileType = sourcecode.swift; path = HTTPTransportTests.swift; sourceTree = "<group>"; };
		51593E541EA1029700E9A154 /* Info.plist */ = {isa = PBXFileReference; fileEncoding = 4; lastKnownFileType = text.plist.xml; path = Info.plist; sourceTree = "<group>"; };
		51593E591EA1036A00E9A154 /* HTTPTransport.h */ = {isa = PBXFileReference; fileEncoding = 4; lastKnownFileType = sourcecode.c.h; path = HTTPTransport.h; sourceTree = "<group>"; };
		51EDF4F71EA105C60013FBEF /* HTTPTransport.swift */ = {isa = PBXFileReference; fileEncoding = 4; lastKnownFileType = sourcecode.swift; path = HTTPTransport.swift; sourceTree = "<group>"; };
		51EDF4FA1EA106340013FBEF /* Session.swift */ = {isa = PBXFileReference; fileEncoding = 4; lastKnownFileType = sourcecode.swift; path = Session.swift; sourceTree = "<group>"; };
		51EDF4FF1EA10A5E0013FBEF /* HTTPRequestInterceptor.swift */ = {isa = PBXFileReference; fileEncoding = 4; lastKnownFileType = sourcecode.swift; path = HTTPRequestInterceptor.swift; sourceTree = "<group>"; };
		51EDF5001EA10A5E0013FBEF /* LogRequestInterceptor.swift */ = {isa = PBXFileReference; fileEncoding = 4; lastKnownFileType = sourcecode.swift; path = LogRequestInterceptor.swift; sourceTree = "<group>"; };
		51EDF5031EA10A5E0013FBEF /* HTTPResponseInterceptor.swift */ = {isa = PBXFileReference; fileEncoding = 4; lastKnownFileType = sourcecode.swift; path = HTTPResponseInterceptor.swift; sourceTree = "<group>"; };
		51EDF5041EA10A5E0013FBEF /* LogResponseInterceptor.swift */ = {isa = PBXFileReference; fileEncoding = 4; lastKnownFileType = sourcecode.swift; path = LogResponseInterceptor.swift; sourceTree = "<group>"; };
		51EDF50A1EA10C960013FBEF /* HTTPStatusCode.swift */ = {isa = PBXFileReference; fileEncoding = 4; lastKnownFileType = sourcecode.swift; path = HTTPStatusCode.swift; sourceTree = "<group>"; };
		51EDF50D1EA10CDC0013FBEF /* Security.swift */ = {isa = PBXFileReference; fileEncoding = 4; lastKnownFileType = sourcecode.swift; path = Security.swift; sourceTree = "<group>"; };
		51EDF50E1EA10CDC0013FBEF /* TrustPolicy.swift */ = {isa = PBXFileReference; fileEncoding = 4; lastKnownFileType = sourcecode.swift; path = TrustPolicy.swift; sourceTree = "<group>"; };
		51EDF50F1EA10CDC0013FBEF /* TrustPolicyManager.swift */ = {isa = PBXFileReference; fileEncoding = 4; lastKnownFileType = sourcecode.swift; path = TrustPolicyManager.swift; sourceTree = "<group>"; };
		51EDF5131EA111E10013FBEF /* HTTPTransportRetrier.swift */ = {isa = PBXFileReference; fileEncoding = 4; lastKnownFileType = sourcecode.swift; path = HTTPTransportRetrier.swift; sourceTree = "<group>"; };
		51EDF5151EA112770013FBEF /* FileUploadHTTPRequest.swift */ = {isa = PBXFileReference; fileEncoding = 4; lastKnownFileType = sourcecode.swift; path = FileUploadHTTPRequest.swift; sourceTree = "<group>"; };
		51EDF5161EA112770013FBEF /* HTTPRequest.swift */ = {isa = PBXFileReference; fileEncoding = 4; lastKnownFileType = sourcecode.swift; path = HTTPRequest.swift; sourceTree = "<group>"; };
		51EDF5171EA112770013FBEF /* HTTPResponse.swift */ = {isa = PBXFileReference; fileEncoding = 4; lastKnownFileType = sourcecode.swift; path = HTTPResponse.swift; sourceTree = "<group>"; };
		51EDF51B1EA1170D0013FBEF /* NSError.swift */ = {isa = PBXFileReference; fileEncoding = 4; lastKnownFileType = sourcecode.swift; path = NSError.swift; sourceTree = "<group>"; };
		51EDF51D1EA117660013FBEF /* FileMultipart.swift */ = {isa = PBXFileReference; fileEncoding = 4; lastKnownFileType = sourcecode.swift; path = FileMultipart.swift; sourceTree = "<group>"; };
		51EDF51F1EA11B010013FBEF /* DataRequest.swift */ = {isa = PBXFileReference; fileEncoding = 4; lastKnownFileType = sourcecode.swift; path = DataRequest.swift; sourceTree = "<group>"; };
		AA19EE971F67E5830066B2A4 /* DataUploadHTTPRequest.swift */ = {isa = PBXFileReference; fileEncoding = 4; lastKnownFileType = sourcecode.swift; path = DataUploadHTTPRequest.swift; sourceTree = "<group>"; };
		BAA52316B9ABF0502EA8D5E3 /* ClarifyErrorInterceptor.swift */ = {isa = PBXFileReference; fileEncoding = 4; lastKnownFileType = sourcecode.swift; path = ClarifyErrorInterceptor.swift; sourceTree = "<group>"; };
		BAA524015BBBE04A8DDC1A94 /* HTTPCall.swift */ = {isa = PBXFileReference; fileEncoding = 4; lastKnownFileType = sourcecode.swift; path = HTTPCall.swift; sourceTree = "<group>"; };
		BAA52583CC7418F6EDF69AE5 /* MIMEType.swift */ = {isa = PBXFileReference; fileEncoding = 4; lastKnownFileType = sourcecode.swift; path = MIMEType.swift; sourceTree = "<group>"; };
		BAA52832426ECD13334ACAC1 /* AddCookieInterceptor.swift */ = {isa = PBXFileReference; fileEncoding = 4; lastKnownFileType = sourcecode.swift; path = AddCookieInterceptor.swift; sourceTree = "<group>"; };
		BAA52AA42BC3A92B8CC510E8 /* ReceivedCookieInterceptor.swift */ = {isa = PBXFileReference; fileEncoding = 4; lastKnownFileType = sourcecode.swift; path = ReceivedCookieInterceptor.swift; sourceTree = "<group>"; };
		BAA52F945A55184D494340C8 /* HTTPRequestParameters.swift */ = {isa = PBXFileReference; fileEncoding = 4; lastKnownFileType = sourcecode.swift; path = HTTPRequestParameters.swift; sourceTree = "<group>"; };
		DF505D0A20234C5900160369 /* Alamofire.framework */ = {isa = PBXFileReference; lastKnownFileType = wrapper.framework; name = Alamofire.framework; path = Carthage/Build/iOS/Alamofire.framework; sourceTree = "<group>"; };
		DF505D0C20234C5900160369 /* HTTPTransport.framework */ = {isa = PBXFileReference; explicitFileType = wrapper.framework; includeInIndex = 0; path = HTTPTransport.framework; sourceTree = BUILT_PRODUCTS_DIR; };
/* End PBXFileReference section */

/* Begin PBXFrameworksBuildPhase section */
		51593E2D1EA1023400E9A154 /* Frameworks */ = {
			isa = PBXFrameworksBuildPhase;
			buildActionMask = 2147483647;
			files = (
				DF505D0B20234C5900160369 /* Alamofire.framework in Frameworks */,
			);
			runOnlyForDeploymentPostprocessing = 0;
		};
		51593E371EA1023400E9A154 /* Frameworks */ = {
			isa = PBXFrameworksBuildPhase;
			buildActionMask = 2147483647;
			files = (
			);
			runOnlyForDeploymentPostprocessing = 0;
		};
/* End PBXFrameworksBuildPhase section */

/* Begin PBXGroup section */
		512CF3091FE812AA003F61AD /* Digest */ = {
			isa = PBXGroup;
			children = (
				512CF3181FE8134F003F61AD /* Array+Extension.swift */,
				512CF32C1FE817A3003F61AD /* Array+Extensions.swift */,
				512CF32A1FE81784003F61AD /* Authenticator.swift */,
				512CF3261FE8147A003F61AD /* BatchedCollection.swift */,
				512CF32E1FE817B8003F61AD /* Bit.swift */,
				512CF3141FE8130D003F61AD /* Checksum.swift */,
				512CF3281FE81774003F61AD /* Cipher.swift */,
				512CF3321FE81808003F61AD /* Collection+Extension.swift */,
				512CF30A1FE812C8003F61AD /* Data+Extension.swift */,
				512CF30C1FE812EA003F61AD /* Digest.swift */,
				512CF31A1FE8135B003F61AD /* DigestType.swift */,
				512CF3301FE817D3003F61AD /* Generics.swift */,
				512CF3221FE81422003F61AD /* Int+Extension.swift */,
				512CF3161FE8131E003F61AD /* MD5.swift */,
				512CF30E1FE812FC003F61AD /* SHA1.swift */,
				512CF30F1FE812FC003F61AD /* SHA2.swift */,
				512CF3101FE812FC003F61AD /* SHA3.swift */,
				512CF31C1FE81399003F61AD /* UInt32+Extension.swift */,
				512CF3341FE81822003F61AD /* UInt64+Extension.swift */,
				512CF3201FE813D1003F61AD /* Updatable.swift */,
				512CF31E1FE813C2003F61AD /* Utils.swift */,
			);
			path = Digest;
			sourceTree = "<group>";
		};
		51593E271EA1023400E9A154 = {
			isa = PBXGroup;
			children = (
				51593E331EA1023400E9A154 /* HTTPTransport */,
				51593E3E1EA1023400E9A154 /* HTTPTransportTests */,
				DF505D0920234C5800160369 /* Frameworks */,
				DF505D0C20234C5900160369 /* HTTPTransport.framework */,
			);
			sourceTree = "<group>";
		};
		51593E331EA1023400E9A154 /* HTTPTransport */ = {
			isa = PBXGroup;
			children = (
				51EDF4F61EA105AA0013FBEF /* Classes */,
				51593E4D1EA1028D00E9A154 /* Supporting Files */,
			);
			path = HTTPTransport;
			sourceTree = "<group>";
		};
		51593E3E1EA1023400E9A154 /* HTTPTransportTests */ = {
			isa = PBXGroup;
			children = (
				51593E511EA1029700E9A154 /* Classes */,
				51593E531EA1029700E9A154 /* Supporting Files */,
			);
			path = HTTPTransportTests;
			sourceTree = "<group>";
		};
		51593E4D1EA1028D00E9A154 /* Supporting Files */ = {
			isa = PBXGroup;
			children = (
				510768131EA4E9480061FC4F /* HTTPTransport.podspec */,
				51593E591EA1036A00E9A154 /* HTTPTransport.h */,
				51593E4E1EA1028D00E9A154 /* Info.plist */,
			);
			path = "Supporting Files";
			sourceTree = "<group>";
		};
		51593E511EA1029700E9A154 /* Classes */ = {
			isa = PBXGroup;
			children = (
				51593E521EA1029700E9A154 /* HTTPTransportTests.swift */,
			);
			path = Classes;
			sourceTree = "<group>";
		};
		51593E531EA1029700E9A154 /* Supporting Files */ = {
			isa = PBXGroup;
			children = (
				51593E541EA1029700E9A154 /* Info.plist */,
			);
			path = "Supporting Files";
			sourceTree = "<group>";
		};
		51EDF4F61EA105AA0013FBEF /* Classes */ = {
			isa = PBXGroup;
			children = (
				51EDF4FC1EA10A5E0013FBEF /* Helper */,
				51EDF4F91EA106050013FBEF /* Model */,
				51EDF4F71EA105C60013FBEF /* HTTPTransport.swift */,
			);
			path = Classes;
			sourceTree = "<group>";
		};
		51EDF4F91EA106050013FBEF /* Model */ = {
			isa = PBXGroup;
			children = (
				AA19EE971F67E5830066B2A4 /* DataUploadHTTPRequest.swift */,
				51EDF51D1EA117660013FBEF /* FileMultipart.swift */,
				51EDF5151EA112770013FBEF /* FileUploadHTTPRequest.swift */,
				BAA524015BBBE04A8DDC1A94 /* HTTPCall.swift */,
				510768151EA4F26C0061FC4F /* HTTPCookie.swift */,
				51EDF5161EA112770013FBEF /* HTTPRequest.swift */,
				BAA52F945A55184D494340C8 /* HTTPRequestParameters.swift */,
				51EDF5171EA112770013FBEF /* HTTPResponse.swift */,
				51EDF50A1EA10C960013FBEF /* HTTPStatusCode.swift */,
				BAA52583CC7418F6EDF69AE5 /* MIMEType.swift */,
				51EDF51B1EA1170D0013FBEF /* NSError.swift */,
				51EDF50C1EA10CDC0013FBEF /* Security */,
				51EDF4FA1EA106340013FBEF /* Session.swift */,
			);
			path = Model;
			sourceTree = "<group>";
		};
		51EDF4FC1EA10A5E0013FBEF /* Helper */ = {
			isa = PBXGroup;
			children = (
				512CF3091FE812AA003F61AD /* Digest */,
				51EDF4FD1EA10A5E0013FBEF /* Interceptor */,
				51EDF51F1EA11B010013FBEF /* DataRequest.swift */,
				51EDF5131EA111E10013FBEF /* HTTPTransportRetrier.swift */,
			);
			path = Helper;
			sourceTree = "<group>";
		};
		51EDF4FD1EA10A5E0013FBEF /* Interceptor */ = {
			isa = PBXGroup;
			children = (
				51EDF4FE1EA10A5E0013FBEF /* RequestInterceptor */,
				51EDF5011EA10A5E0013FBEF /* ResponseInterceptor */,
			);
			path = Interceptor;
			sourceTree = "<group>";
		};
		51EDF4FE1EA10A5E0013FBEF /* RequestInterceptor */ = {
			isa = PBXGroup;
			children = (
				51EDF4FF1EA10A5E0013FBEF /* HTTPRequestInterceptor.swift */,
				51EDF5001EA10A5E0013FBEF /* LogRequestInterceptor.swift */,
				BAA52832426ECD13334ACAC1 /* AddCookieInterceptor.swift */,
			);
			path = RequestInterceptor;
			sourceTree = "<group>";
		};
		51EDF5011EA10A5E0013FBEF /* ResponseInterceptor */ = {
			isa = PBXGroup;
			children = (
				51EDF5031EA10A5E0013FBEF /* HTTPResponseInterceptor.swift */,
				51EDF5041EA10A5E0013FBEF /* LogResponseInterceptor.swift */,
				BAA52AA42BC3A92B8CC510E8 /* ReceivedCookieInterceptor.swift */,
				BAA52316B9ABF0502EA8D5E3 /* ClarifyErrorInterceptor.swift */,
			);
			path = ResponseInterceptor;
			sourceTree = "<group>";
		};
		51EDF50C1EA10CDC0013FBEF /* Security */ = {
			isa = PBXGroup;
			children = (
				51EDF50D1EA10CDC0013FBEF /* Security.swift */,
				51EDF50E1EA10CDC0013FBEF /* TrustPolicy.swift */,
				51EDF50F1EA10CDC0013FBEF /* TrustPolicyManager.swift */,
			);
			path = Security;
			sourceTree = "<group>";
		};
		DF505D0920234C5800160369 /* Frameworks */ = {
			isa = PBXGroup;
			children = (
				DF505D0A20234C5900160369 /* Alamofire.framework */,
			);
			name = Frameworks;
			sourceTree = "<group>";
		};
/* End PBXGroup section */

/* Begin PBXHeadersBuildPhase section */
		51593E2E1EA1023400E9A154 /* Headers */ = {
			isa = PBXHeadersBuildPhase;
			buildActionMask = 2147483647;
			files = (
				51593E5A1EA1036A00E9A154 /* HTTPTransport.h in Headers */,
			);
			runOnlyForDeploymentPostprocessing = 0;
		};
/* End PBXHeadersBuildPhase section */

/* Begin PBXNativeTarget section */
		51593E301EA1023400E9A154 /* HTTPTransport */ = {
			isa = PBXNativeTarget;
			buildConfigurationList = 51593E451EA1023400E9A154 /* Build configuration list for PBXNativeTarget "HTTPTransport" */;
			buildPhases = (
				51593E2C1EA1023400E9A154 /* Sources */,
				51593E2D1EA1023400E9A154 /* Frameworks */,
				51593E2E1EA1023400E9A154 /* Headers */,
				51593E2F1EA1023400E9A154 /* Resources */,
				DF0F244520235CC600A83688 /* Carthage copy-frameworks */,
			);
			buildRules = (
			);
			dependencies = (
			);
			name = HTTPTransport;
			productName = HTTPTransport;
			productReference = DF505D0C20234C5900160369 /* HTTPTransport.framework */;
			productType = "com.apple.product-type.framework";
		};
		51593E391EA1023400E9A154 /* HTTPTransportTests */ = {
			isa = PBXNativeTarget;
			buildConfigurationList = 51593E481EA1023400E9A154 /* Build configuration list for PBXNativeTarget "HTTPTransportTests" */;
			buildPhases = (
				51593E361EA1023400E9A154 /* Sources */,
				51593E371EA1023400E9A154 /* Frameworks */,
				51593E381EA1023400E9A154 /* Resources */,
			);
			buildRules = (
			);
			dependencies = (
				51593E3D1EA1023400E9A154 /* PBXTargetDependency */,
			);
			name = HTTPTransportTests;
			productName = HTTPTransportTests;
			productReference = 51593E3A1EA1023400E9A154 /* HTTPTransportTests.xctest */;
			productType = "com.apple.product-type.bundle.unit-test";
		};
/* End PBXNativeTarget section */

/* Begin PBXProject section */
		51593E281EA1023400E9A154 /* Project object */ = {
			isa = PBXProject;
			attributes = {
				LastSwiftUpdateCheck = 0830;
				LastUpgradeCheck = 0920;
				ORGANIZATIONNAME = "RedMadRobot LLC";
				TargetAttributes = {
					51593E301EA1023400E9A154 = {
						CreatedOnToolsVersion = 8.3.1;
						DevelopmentTeam = 42LRQS6X44;
						LastSwiftMigration = 0830;
						ProvisioningStyle = Automatic;
					};
					51593E391EA1023400E9A154 = {
						CreatedOnToolsVersion = 8.3.1;
						DevelopmentTeam = 42LRQS6X44;
						ProvisioningStyle = Automatic;
					};
				};
			};
			buildConfigurationList = 51593E2B1EA1023400E9A154 /* Build configuration list for PBXProject "HTTPTransport" */;
			compatibilityVersion = "Xcode 3.2";
			developmentRegion = English;
			hasScannedForEncodings = 0;
			knownRegions = (
				en,
			);
			mainGroup = 51593E271EA1023400E9A154;
			productRefGroup = 51593E271EA1023400E9A154;
			projectDirPath = "";
			projectRoot = "";
			targets = (
				51593E301EA1023400E9A154 /* HTTPTransport */,
				51593E391EA1023400E9A154 /* HTTPTransportTests */,
			);
		};
/* End PBXProject section */

/* Begin PBXResourcesBuildPhase section */
		51593E2F1EA1023400E9A154 /* Resources */ = {
			isa = PBXResourcesBuildPhase;
			buildActionMask = 2147483647;
			files = (
			);
			runOnlyForDeploymentPostprocessing = 0;
		};
		51593E381EA1023400E9A154 /* Resources */ = {
			isa = PBXResourcesBuildPhase;
			buildActionMask = 2147483647;
			files = (
			);
			runOnlyForDeploymentPostprocessing = 0;
		};
/* End PBXResourcesBuildPhase section */

/* Begin PBXShellScriptBuildPhase section */
		DF0F244520235CC600A83688 /* Carthage copy-frameworks */ = {
			isa = PBXShellScriptBuildPhase;
			buildActionMask = 2147483647;
			files = (
			);
			inputPaths = (
			);
			name = "Carthage copy-frameworks";
			outputPaths = (
			);
			runOnlyForDeploymentPostprocessing = 0;
			shellPath = /bin/sh;
			shellScript = "/usr/local/bin/carthage copy-frameworks";
		};
/* End PBXShellScriptBuildPhase section */

/* Begin PBXSourcesBuildPhase section */
		51593E2C1EA1023400E9A154 /* Sources */ = {
			isa = PBXSourcesBuildPhase;
			buildActionMask = 2147483647;
			files = (
				51EDF51E1EA117660013FBEF /* FileMultipart.swift in Sources */,
				51EDF5111EA10CDC0013FBEF /* TrustPolicy.swift in Sources */,
				512CF3291FE81774003F61AD /* Cipher.swift in Sources */,
				512CF32B1FE81784003F61AD /* Authenticator.swift in Sources */,
				51EDF5091EA10A5E0013FBEF /* LogResponseInterceptor.swift in Sources */,
				512CF3191FE8134F003F61AD /* Array+Extension.swift in Sources */,
				51EDF5101EA10CDC0013FBEF /* Security.swift in Sources */,
				AA19EE981F67E5830066B2A4 /* DataUploadHTTPRequest.swift in Sources */,
				512CF3121FE812FC003F61AD /* SHA2.swift in Sources */,
				51EDF5191EA112770013FBEF /* HTTPRequest.swift in Sources */,
				51EDF5061EA10A5E0013FBEF /* LogRequestInterceptor.swift in Sources */,
				512CF3211FE813D1003F61AD /* Updatable.swift in Sources */,
				51EDF5201EA11B010013FBEF /* DataRequest.swift in Sources */,
				51EDF4FB1EA106340013FBEF /* Session.swift in Sources */,
				512CF31F1FE813C2003F61AD /* Utils.swift in Sources */,
				512CF3171FE8131E003F61AD /* MD5.swift in Sources */,
				51EDF4F81EA105C60013FBEF /* HTTPTransport.swift in Sources */,
				51EDF5141EA111E10013FBEF /* HTTPTransportRetrier.swift in Sources */,
				51EDF5081EA10A5E0013FBEF /* HTTPResponseInterceptor.swift in Sources */,
				51EDF5181EA112770013FBEF /* FileUploadHTTPRequest.swift in Sources */,
				512CF30B1FE812C8003F61AD /* Data+Extension.swift in Sources */,
				512CF3351FE81822003F61AD /* UInt64+Extension.swift in Sources */,
				512CF3231FE81422003F61AD /* Int+Extension.swift in Sources */,
				512CF31D1FE81399003F61AD /* UInt32+Extension.swift in Sources */,
				51EDF5051EA10A5E0013FBEF /* HTTPRequestInterceptor.swift in Sources */,
				51EDF5121EA10CDC0013FBEF /* TrustPolicyManager.swift in Sources */,
				512CF32F1FE817B8003F61AD /* Bit.swift in Sources */,
				51EDF51A1EA112770013FBEF /* HTTPResponse.swift in Sources */,
				512CF30D1FE812EA003F61AD /* Digest.swift in Sources */,
				512CF3111FE812FC003F61AD /* SHA1.swift in Sources */,
				512CF3131FE812FC003F61AD /* SHA3.swift in Sources */,
				512CF3151FE8130D003F61AD /* Checksum.swift in Sources */,
				51EDF50B1EA10C960013FBEF /* HTTPStatusCode.swift in Sources */,
				512CF32D1FE817A3003F61AD /* Array+Extensions.swift in Sources */,
				512CF3271FE8147A003F61AD /* BatchedCollection.swift in Sources */,
				512CF3331FE81808003F61AD /* Collection+Extension.swift in Sources */,
				512CF31B1FE8135B003F61AD /* DigestType.swift in Sources */,
				510768161EA4F26C0061FC4F /* HTTPCookie.swift in Sources */,
				51EDF51C1EA1170D0013FBEF /* NSError.swift in Sources */,
				BAA525F363594620CA30CB81 /* AddCookieInterceptor.swift in Sources */,
				BAA520C82F17B81359E5F127 /* ReceivedCookieInterceptor.swift in Sources */,
				BAA5278B2040ABC2090AEFD5 /* ClarifyErrorInterceptor.swift in Sources */,
				BAA520B178D7C85EF42A7794 /* HTTPRequestParameters.swift in Sources */,
				512CF3311FE817D3003F61AD /* Generics.swift in Sources */,
				BAA52E5C95966700FD3FD3C4 /* MIMEType.swift in Sources */,
				BAA52BAC269BCDA57AEBB42F /* HTTPCall.swift in Sources */,
			);
			runOnlyForDeploymentPostprocessing = 0;
		};
		51593E361EA1023400E9A154 /* Sources */ = {
			isa = PBXSourcesBuildPhase;
			buildActionMask = 2147483647;
			files = (
				51593E551EA1029700E9A154 /* HTTPTransportTests.swift in Sources */,
			);
			runOnlyForDeploymentPostprocessing = 0;
		};
/* End PBXSourcesBuildPhase section */

/* Begin PBXTargetDependency section */
		51593E3D1EA1023400E9A154 /* PBXTargetDependency */ = {
			isa = PBXTargetDependency;
			target = 51593E301EA1023400E9A154 /* HTTPTransport */;
			targetProxy = 51593E3C1EA1023400E9A154 /* PBXContainerItemProxy */;
		};
/* End PBXTargetDependency section */

/* Begin XCBuildConfiguration section */
		51593E431EA1023400E9A154 /* Debug */ = {
			isa = XCBuildConfiguration;
			buildSettings = {
				ALWAYS_SEARCH_USER_PATHS = NO;
				CLANG_ANALYZER_NONNULL = YES;
				CLANG_ANALYZER_NUMBER_OBJECT_CONVERSION = YES_AGGRESSIVE;
				CLANG_CXX_LANGUAGE_STANDARD = "gnu++0x";
				CLANG_CXX_LIBRARY = "libc++";
				CLANG_ENABLE_MODULES = YES;
				CLANG_ENABLE_OBJC_ARC = YES;
				CLANG_WARN_BLOCK_CAPTURE_AUTORELEASING = YES;
				CLANG_WARN_BOOL_CONVERSION = YES;
				CLANG_WARN_COMMA = YES;
				CLANG_WARN_CONSTANT_CONVERSION = YES;
				CLANG_WARN_DIRECT_OBJC_ISA_USAGE = YES_ERROR;
				CLANG_WARN_DOCUMENTATION_COMMENTS = YES;
				CLANG_WARN_EMPTY_BODY = YES;
				CLANG_WARN_ENUM_CONVERSION = YES;
				CLANG_WARN_INFINITE_RECURSION = YES;
				CLANG_WARN_INT_CONVERSION = YES;
				CLANG_WARN_NON_LITERAL_NULL_CONVERSION = YES;
				CLANG_WARN_OBJC_LITERAL_CONVERSION = YES;
				CLANG_WARN_OBJC_ROOT_CLASS = YES_ERROR;
				CLANG_WARN_RANGE_LOOP_ANALYSIS = YES;
				CLANG_WARN_STRICT_PROTOTYPES = YES;
				CLANG_WARN_SUSPICIOUS_MOVE = YES;
				CLANG_WARN_UNREACHABLE_CODE = YES;
				CLANG_WARN__DUPLICATE_METHOD_MATCH = YES;
				"CODE_SIGN_IDENTITY[sdk=iphoneos*]" = "iPhone Developer";
				COPY_PHASE_STRIP = NO;
				CURRENT_PROJECT_VERSION = 1;
				DEBUG_INFORMATION_FORMAT = dwarf;
				ENABLE_STRICT_OBJC_MSGSEND = YES;
				ENABLE_TESTABILITY = YES;
				GCC_C_LANGUAGE_STANDARD = gnu99;
				GCC_DYNAMIC_NO_PIC = NO;
				GCC_NO_COMMON_BLOCKS = YES;
				GCC_OPTIMIZATION_LEVEL = 0;
				GCC_PREPROCESSOR_DEFINITIONS = (
					"DEBUG=1",
					"$(inherited)",
				);
				GCC_WARN_64_TO_32_BIT_CONVERSION = YES;
				GCC_WARN_ABOUT_RETURN_TYPE = YES_ERROR;
				GCC_WARN_UNDECLARED_SELECTOR = YES;
				GCC_WARN_UNINITIALIZED_AUTOS = YES_AGGRESSIVE;
				GCC_WARN_UNUSED_FUNCTION = YES;
				GCC_WARN_UNUSED_VARIABLE = YES;
				IPHONEOS_DEPLOYMENT_TARGET = 10.3;
				MTL_ENABLE_DEBUG_INFO = YES;
				ONLY_ACTIVE_ARCH = YES;
				SDKROOT = iphoneos;
				SWIFT_ACTIVE_COMPILATION_CONDITIONS = DEBUG;
				SWIFT_OPTIMIZATION_LEVEL = "-Onone";
				SWIFT_VERSION = 4.0;
				TARGETED_DEVICE_FAMILY = "1,2";
				VERSIONING_SYSTEM = "apple-generic";
				VERSION_INFO_PREFIX = "";
			};
			name = Debug;
		};
		51593E441EA1023400E9A154 /* Release */ = {
			isa = XCBuildConfiguration;
			buildSettings = {
				ALWAYS_SEARCH_USER_PATHS = NO;
				CLANG_ANALYZER_NONNULL = YES;
				CLANG_ANALYZER_NUMBER_OBJECT_CONVERSION = YES_AGGRESSIVE;
				CLANG_CXX_LANGUAGE_STANDARD = "gnu++0x";
				CLANG_CXX_LIBRARY = "libc++";
				CLANG_ENABLE_MODULES = YES;
				CLANG_ENABLE_OBJC_ARC = YES;
				CLANG_WARN_BLOCK_CAPTURE_AUTORELEASING = YES;
				CLANG_WARN_BOOL_CONVERSION = YES;
				CLANG_WARN_COMMA = YES;
				CLANG_WARN_CONSTANT_CONVERSION = YES;
				CLANG_WARN_DIRECT_OBJC_ISA_USAGE = YES_ERROR;
				CLANG_WARN_DOCUMENTATION_COMMENTS = YES;
				CLANG_WARN_EMPTY_BODY = YES;
				CLANG_WARN_ENUM_CONVERSION = YES;
				CLANG_WARN_INFINITE_RECURSION = YES;
				CLANG_WARN_INT_CONVERSION = YES;
				CLANG_WARN_NON_LITERAL_NULL_CONVERSION = YES;
				CLANG_WARN_OBJC_LITERAL_CONVERSION = YES;
				CLANG_WARN_OBJC_ROOT_CLASS = YES_ERROR;
				CLANG_WARN_RANGE_LOOP_ANALYSIS = YES;
				CLANG_WARN_STRICT_PROTOTYPES = YES;
				CLANG_WARN_SUSPICIOUS_MOVE = YES;
				CLANG_WARN_UNREACHABLE_CODE = YES;
				CLANG_WARN__DUPLICATE_METHOD_MATCH = YES;
				"CODE_SIGN_IDENTITY[sdk=iphoneos*]" = "iPhone Developer";
				COPY_PHASE_STRIP = NO;
				CURRENT_PROJECT_VERSION = 1;
				DEBUG_INFORMATION_FORMAT = "dwarf-with-dsym";
				ENABLE_NS_ASSERTIONS = NO;
				ENABLE_STRICT_OBJC_MSGSEND = YES;
				GCC_C_LANGUAGE_STANDARD = gnu99;
				GCC_NO_COMMON_BLOCKS = YES;
				GCC_WARN_64_TO_32_BIT_CONVERSION = YES;
				GCC_WARN_ABOUT_RETURN_TYPE = YES_ERROR;
				GCC_WARN_UNDECLARED_SELECTOR = YES;
				GCC_WARN_UNINITIALIZED_AUTOS = YES_AGGRESSIVE;
				GCC_WARN_UNUSED_FUNCTION = YES;
				GCC_WARN_UNUSED_VARIABLE = YES;
				IPHONEOS_DEPLOYMENT_TARGET = 10.3;
				MTL_ENABLE_DEBUG_INFO = NO;
				SDKROOT = iphoneos;
				SWIFT_OPTIMIZATION_LEVEL = "-Owholemodule";
				SWIFT_VERSION = 4.0;
				TARGETED_DEVICE_FAMILY = "1,2";
				VALIDATE_PRODUCT = YES;
				VERSIONING_SYSTEM = "apple-generic";
				VERSION_INFO_PREFIX = "";
			};
			name = Release;
		};
		51593E461EA1023400E9A154 /* Debug */ = {
			isa = XCBuildConfiguration;
			buildSettings = {
				CLANG_ENABLE_MODULES = YES;
				CODE_SIGN_IDENTITY = "";
				DEFINES_MODULE = YES;
				DEVELOPMENT_TEAM = 42LRQS6X44;
				DYLIB_COMPATIBILITY_VERSION = 1;
				DYLIB_CURRENT_VERSION = 1;
				DYLIB_INSTALL_NAME_BASE = "@rpath";
				FRAMEWORK_SEARCH_PATHS = (
					"$(inherited)",
					"$(PROJECT_DIR)/Carthage/Build/iOS",
				);
				HEADER_SEARCH_PATHS = "$(SRCROOT)/../CommonCryptoWrapper";
				INFOPLIST_FILE = "HTTPTransport/Supporting Files/Info.plist";
				INSTALL_PATH = "$(LOCAL_LIBRARY_DIR)/Frameworks";
				LD_RUNPATH_SEARCH_PATHS = "$(inherited) @executable_path/Frameworks @loader_path/Frameworks";
				MODULEMAP_FILE = "";
				MODULEMAP_PRIVATE_FILE = "";
				PRODUCT_BUNDLE_IDENTIFIER = com.redmadrobot.HTTPTransport;
				PRODUCT_NAME = "$(TARGET_NAME)";
				SKIP_INSTALL = YES;
				SWIFT_INCLUDE_PATHS = "";
				SWIFT_OPTIMIZATION_LEVEL = "-Onone";
				SWIFT_VERSION = 4.0;
			};
			name = Debug;
		};
		51593E471EA1023400E9A154 /* Release */ = {
			isa = XCBuildConfiguration;
			buildSettings = {
				CLANG_ENABLE_MODULES = YES;
				CODE_SIGN_IDENTITY = "";
				DEFINES_MODULE = YES;
				DEVELOPMENT_TEAM = 42LRQS6X44;
				DYLIB_COMPATIBILITY_VERSION = 1;
				DYLIB_CURRENT_VERSION = 1;
				DYLIB_INSTALL_NAME_BASE = "@rpath";
				FRAMEWORK_SEARCH_PATHS = (
					"$(inherited)",
					"$(PROJECT_DIR)/Carthage/Build/iOS",
				);
				HEADER_SEARCH_PATHS = "$(SRCROOT)/../CommonCryptoWrapper";
				INFOPLIST_FILE = "HTTPTransport/Supporting Files/Info.plist";
				INSTALL_PATH = "$(LOCAL_LIBRARY_DIR)/Frameworks";
				LD_RUNPATH_SEARCH_PATHS = "$(inherited) @executable_path/Frameworks @loader_path/Frameworks";
				MODULEMAP_FILE = "";
				MODULEMAP_PRIVATE_FILE = "";
				PRODUCT_BUNDLE_IDENTIFIER = com.redmadrobot.HTTPTransport;
				PRODUCT_NAME = "$(TARGET_NAME)";
				SKIP_INSTALL = YES;
				SWIFT_INCLUDE_PATHS = "";
				SWIFT_VERSION = 4.0;
			};
			name = Release;
		};
		51593E491EA1023400E9A154 /* Debug */ = {
			isa = XCBuildConfiguration;
			buildSettings = {
				ALWAYS_EMBED_SWIFT_STANDARD_LIBRARIES = "$(inherited)";
				DEVELOPMENT_TEAM = 42LRQS6X44;
				INFOPLIST_FILE = "HTTPTransportTests/Supporting Files/Info.plist";
				LD_RUNPATH_SEARCH_PATHS = "$(inherited) @executable_path/Frameworks @loader_path/Frameworks";
				PRODUCT_BUNDLE_IDENTIFIER = com.redmadrobot.HTTPTransportTests;
				PRODUCT_NAME = "$(TARGET_NAME)";
				SWIFT_VERSION = 4.0;
			};
			name = Debug;
		};
		51593E4A1EA1023400E9A154 /* Release */ = {
			isa = XCBuildConfiguration;
			buildSettings = {
				ALWAYS_EMBED_SWIFT_STANDARD_LIBRARIES = "$(inherited)";
				DEVELOPMENT_TEAM = 42LRQS6X44;
				INFOPLIST_FILE = "HTTPTransportTests/Supporting Files/Info.plist";
				LD_RUNPATH_SEARCH_PATHS = "$(inherited) @executable_path/Frameworks @loader_path/Frameworks";
				PRODUCT_BUNDLE_IDENTIFIER = com.redmadrobot.HTTPTransportTests;
				PRODUCT_NAME = "$(TARGET_NAME)";
				SWIFT_VERSION = 4.0;
			};
			name = Release;
		};
/* End XCBuildConfiguration section */

/* Begin XCConfigurationList section */
		51593E2B1EA1023400E9A154 /* Build configuration list for PBXProject "HTTPTransport" */ = {
			isa = XCConfigurationList;
			buildConfigurations = (
				51593E431EA1023400E9A154 /* Debug */,
				51593E441EA1023400E9A154 /* Release */,
			);
			defaultConfigurationIsVisible = 0;
			defaultConfigurationName = Release;
		};
		51593E451EA1023400E9A154 /* Build configuration list for PBXNativeTarget "HTTPTransport" */ = {
			isa = XCConfigurationList;
			buildConfigurations = (
				51593E461EA1023400E9A154 /* Debug */,
				51593E471EA1023400E9A154 /* Release */,
			);
			defaultConfigurationIsVisible = 0;
			defaultConfigurationName = Release;
		};
		51593E481EA1023400E9A154 /* Build configuration list for PBXNativeTarget "HTTPTransportTests" */ = {
			isa = XCConfigurationList;
			buildConfigurations = (
				51593E491EA1023400E9A154 /* Debug */,
				51593E4A1EA1023400E9A154 /* Release */,
			);
			defaultConfigurationIsVisible = 0;
			defaultConfigurationName = Release;
		};
/* End XCConfigurationList section */
	};
	rootObject = 51593E281EA1023400E9A154 /* Project object */;
}
